
Microsoft Visual Studio Solution File, Format Version 12.00
# Visual Studio 15
VisualStudioVersion = 15.0.28307.168
MinimumVisualStudioVersion = 10.0.40219.1
Project("{FAE04EC0-301F-11D3-BF4B-00C04F79EFBC}") = "bankGoMyCode", "bankGoMyCode\bankGoMyCode.csproj", "{FA318EC6-1C18-41D4-AF14-BA9200F76D33}"
EndProject
Global
	GlobalSection(SolutionConfigurationPlatforms) = preSolution
		Debug|Any CPU = Debug|Any CPU
		Release|Any CPU = Release|Any CPU
	EndGlobalSection
	GlobalSection(ProjectConfigurationPlatforms) = postSolution
		{FA318EC6-1C18-41D4-AF14-BA9200F76D33}.Debug|Any CPU.ActiveCfg = Debug|Any CPU
		{FA318EC6-1C18-41D4-AF14-BA9200F76D33}.Debug|Any CPU.Build.0 = Debug|Any CPU
		{FA318EC6-1C18-41D4-AF14-BA9200F76D33}.Release|Any CPU.ActiveCfg = Release|Any CPU
		{FA318EC6-1C18-41D4-AF14-BA9200F76D33}.Release|Any CPU.Build.0 = Release|Any CPU
	EndGlobalSection
	GlobalSection(SolutionProperties) = preSolution
		HideSolutionNode = FALSE
	EndGlobalSection
	GlobalSection(ExtensibilityGlobals) = postSolution
		SolutionGuid = {8D1224AB-7467-42C7-BE85-2A85A2D3E156}
	EndGlobalSection
EndGlobal
